# This file is automatically @generated by Cargo.
# It is not intended for manual editing.
version = 4

[[package]]
name = "frigotab"
version = "0.1.0"
dependencies = [
 "windows-sys",
 "winresource",
]

[[package]]
name = "frigotab-acceptance"
version = "0.1.0"
dependencies = [
 "frigotab",
 "windows-sys",
]

[[package]]
name = "version_check"
version = "0.9.5"
source = "registry+https://github.com/rust-lang/crates.io-index"
checksum = "0b928f33d975fc6ad9f86c8f283853ad26bdd5b10b7f1542aa2fa15e2289105a"

[[package]]
name = "windows-link"
version = "0.2.1"
source = "registry+https://github.com/rust-lang/crates.io-index"
checksum = "f0805222e57f7521d6a62e36fa9163bc891acd422f971defe97d64e70d0a4fe5"

[[package]]
name = "windows-sys"
version = "0.61.2"
source = "registry+https://github.com/rust-lang/crates.io-index"
checksum = "ae137229bcbd6cdf0f7b80a31df61766145077ddf49416a728b02cb3921ff3fc"
dependencies = [
 "windows-link",
]

[[package]]
name = "winresource"
version = "0.1.31"
source = "registry+https://github.com/rust-lang/crates.io-index"
checksum = "0986a8b1d586b7d3e4fe3d9ea39fb451ae22869dcea4aa109d287a374d866087"
dependencies = [
 "version_check",
]
